
Microsoft Visual Studio Solution File, Format Version 12.00
# Visual Studio Version 16
VisualStudioVersion = 16.0.31019.35
MinimumVisualStudioVersion = 10.0.40219.1
Project("{888888A0-9F3D-457C-B088-3A5042F75D52}") = "trading-signaller", "trading-signaller.pyproj", "{759CEED6-757A-4504-BD34-A739AE6E9F55}"
EndProject
Global
	GlobalSection(SolutionConfigurationPlatforms) = preSolution
		Debug|Any CPU = Debug|Any CPU
		Release|Any CPU = Release|Any CPU
	EndGlobalSection
	GlobalSection(ProjectConfigurationPlatforms) = postSolution
		{759CEED6-757A-4504-BD34-A739AE6E9F55}.Debug|Any CPU.ActiveCfg = Debug|Any CPU
		{759CEED6-757A-4504-BD34-A739AE6E9F55}.Release|Any CPU.ActiveCfg = Release|Any CPU
	EndGlobalSection
	GlobalSection(SolutionProperties) = preSolution
		HideSolutionNode = FALSE
	EndGlobalSection
	GlobalSection(ExtensibilityGlobals) = postSolution
		SolutionGuid = {9493A31D-C2A6-4799-A83D-9CC34E939569}
	EndGlobalSection
EndGlobal
